
Microsoft Visual Studio Solution File, Format Version 12.00
# Visual Studio Version 17
VisualStudioVersion = 17.1.32210.238
MinimumVisualStudioVersion = 10.0.40219.1
Project("{FAE04EC0-301F-11D3-BF4B-00C04F79EFBC}") = "CS311_Project3_AMR", "CS311_Project3_AMR.csproj", "{449280F3-7C20-40B8-884C-3D308F58CCE0}"
EndProject
Global
	GlobalSection(SolutionConfigurationPlatforms) = preSolution
		Debug|Any CPU = Debug|Any CPU
		Release|Any CPU = Release|Any CPU
	EndGlobalSection
	GlobalSection(ProjectConfigurationPlatforms) = postSolution
		{449280F3-7C20-40B8-884C-3D308F58CCE0}.Debug|Any CPU.ActiveCfg = Debug|Any CPU
		{449280F3-7C20-40B8-884C-3D308F58CCE0}.Debug|Any CPU.Build.0 = Debug|Any CPU
		{449280F3-7C20-40B8-884C-3D308F58CCE0}.Release|Any CPU.ActiveCfg = Release|Any CPU
		{449280F3-7C20-40B8-884C-3D308F58CCE0}.Release|Any CPU.Build.0 = Release|Any CPU
	EndGlobalSection
	GlobalSection(SolutionProperties) = preSolution
		HideSolutionNode = FALSE
	EndGlobalSection
	GlobalSection(ExtensibilityGlobals) = postSolution
		SolutionGuid = {5AC8A525-973D-4520-AA5C-0512F086B68C}
	EndGlobalSection
EndGlobal
